
Microsoft Visual Studio Solution File, Format Version 12.00
# Visual Studio 15
VisualStudioVersion = 15.0.28307.539
MinimumVisualStudioVersion = 10.0.40219.1
Project("{FAE04EC0-301F-11D3-BF4B-00C04F79EFBC}") = "GenericRepository", "GenericRepository\GenericRepository.csproj", "{07828C92-47C1-4ACF-8496-A9733D2E0B04}"
EndProject
Global
	GlobalSection(SolutionConfigurationPlatforms) = preSolution
		Debug|Any CPU = Debug|Any CPU
		Release|Any CPU = Release|Any CPU
	EndGlobalSection
	GlobalSection(ProjectConfigurationPlatforms) = postSolution
		{07828C92-47C1-4ACF-8496-A9733D2E0B04}.Debug|Any CPU.ActiveCfg = Debug|Any CPU
		{07828C92-47C1-4ACF-8496-A9733D2E0B04}.Debug|Any CPU.Build.0 = Debug|Any CPU
		{07828C92-47C1-4ACF-8496-A9733D2E0B04}.Release|Any CPU.ActiveCfg = Release|Any CPU
		{07828C92-47C1-4ACF-8496-A9733D2E0B04}.Release|Any CPU.Build.0 = Release|Any CPU
	EndGlobalSection
	GlobalSection(SolutionProperties) = preSolution
		HideSolutionNode = FALSE
	EndGlobalSection
	GlobalSection(ExtensibilityGlobals) = postSolution
		SolutionGuid = {0A1FFFC1-B6AC-4260-A11E-9D2AEFD2C9F0}
	EndGlobalSection
EndGlobal
